{
  "name": "dummy-project",
  "version": "1.0.0",
  "lockfileVersion": 2,
  "packages": {
    "": {
      "name": "dummy-project",
      "version": "1.0.0",
      "dependencies": {
        "zapier-platform-core": "18.0.3"
      }
    },
    "node_modules/zapier-platform-core": {
      "version": "18.0.3",
      "resolved": "https://registry.npmjs.org/zapier-platform-core/-/zapier-platform-core-18.0.3.tgz",
      "integrity": "sha512-FAKEHASH"
    }
  },
  "dependencies": {
    "zapier-platform-core": {
      "version": "18.0.3"
    }
  }
}